// !$*UTF8*$!
{
	archiveVersion = 1;
	classes = {
	};
	objectVersion = 46;
	objects = {

/* Begin PBXBuildFile section */
		D501D6AA1929A21F005EA9F7 /* Constants.m in Sources */ = {isa = PBXBuildFile; fileRef = D501D6A81929A21F005EA9F7 /* Constants.m */; };
		D501D6AC1929FC0B005EA9F7 /* libxml2.dylib in Frameworks */ = {isa = PBXBuildFile; fileRef = D501D6AB1929FC0B005EA9F7 /* libxml2.dylib */; };
		D501D6AE1929FC22005EA9F7 /* AudioToolbox.framework in Frameworks */ = {isa = PBXBuildFile; fileRef = D501D6AD1929FC22005EA9F7 /* AudioToolbox.framework */; };
		D501D6B01929FC32005EA9F7 /* libsqlite3.0.dylib in Frameworks */ = {isa = PBXBuildFile; fileRef = D501D6AF1929FC32005EA9F7 /* libsqlite3.0.dylib */; };
		D501D6B21929FC3E005EA9F7 /* libz.1.2.5.dylib in Frameworks */ = {isa = PBXBuildFile; fileRef = D501D6B11929FC3E005EA9F7 /* libz.1.2.5.dylib */; };
		D501D6B41929FC53005EA9F7 /* SystemConfiguration.framework in Frameworks */ = {isa = PBXBuildFile; fileRef = D501D6B31929FC52005EA9F7 /* SystemConfiguration.framework */; };
		D501D6B61929FC6F005EA9F7 /* CoreData.framework in Frameworks */ = {isa = PBXBuildFile; fileRef = D501D6B51929FC6F005EA9F7 /* CoreData.framework */; };
		D501D6B81929FC7E005EA9F7 /* libGoogleAnalyticsServices.a in Frameworks */ = {isa = PBXBuildFile; fileRef = D501D6B71929FC7E005EA9F7 /* libGoogleAnalyticsServices.a */; };
		D501D6BA192A0115005EA9F7 /* YouYang-Info.plist in Resources */ = {isa = PBXBuildFile; fileRef = D501D6B9192A0115005EA9F7 /* YouYang-Info.plist */; };
		D52E85041925F7F200C93F48 /* Foundation.framework in Frameworks */ = {isa = PBXBuildFile; fileRef = D52E85031925F7F200C93F48 /* Foundation.framework */; };
		D52E85061925F7F200C93F48 /* CoreGraphics.framework in Frameworks */ = {isa = PBXBuildFile; fileRef = D52E85051925F7F200C93F48 /* CoreGraphics.framework */; };
		D52E85081925F7F200C93F48 /* UIKit.framework in Frameworks */ = {isa = PBXBuildFile; fileRef = D52E85071925F7F200C93F48 /* UIKit.framework */; };
		D52E850E1925F7F200C93F48 /* InfoPlist.strings in Resources */ = {isa = PBXBuildFile; fileRef = D52E850C1925F7F200C93F48 /* InfoPlist.strings */; };
		D52E85101925F7F200C93F48 /* main.m in Sources */ = {isa = PBXBuildFile; fileRef = D52E850F1925F7F200C93F48 /* main.m */; };
		D52E85141925F7F200C93F48 /* AppDelegate.m in Sources */ = {isa = PBXBuildFile; fileRef = D52E85131925F7F200C93F48 /* AppDelegate.m */; };
		D52E85171925F7F200C93F48 /* Main.storyboard in Resources */ = {isa = PBXBuildFile; fileRef = D52E85151925F7F200C93F48 /* Main.storyboard */; };
		D52E851A1925F7F200C93F48 /* ViewController.m in Sources */ = {isa = PBXBuildFile; fileRef = D52E85191925F7F200C93F48 /* ViewController.m */; };
		D52E851C1925F7F200C93F48 /* Images.xcassets in Resources */ = {isa = PBXBuildFile; fileRef = D52E851B1925F7F200C93F48 /* Images.xcassets */; };
		D52E85231925F7F200C93F48 /* XCTest.framework in Frameworks */ = {isa = PBXBuildFile; fileRef = D52E85221925F7F200C93F48 /* XCTest.framework */; };
		D52E85241925F7F300C93F48 /* Foundation.framework in Frameworks */ = {isa = PBXBuildFile; fileRef = D52E85031925F7F200C93F48 /* Foundation.framework */; };
		D52E85251925F7F300C93F48 /* UIKit.framework in Frameworks */ = {isa = PBXBuildFile; fileRef = D52E85071925F7F200C93F48 /* UIKit.framework */; };
		D52E852D1925F7F300C93F48 /* InfoPlist.strings in Resources */ = {isa = PBXBuildFile; fileRef = D52E852B1925F7F300C93F48 /* InfoPlist.strings */; };
		D52E852F1925F7F300C93F48 /* YouYangTests.m in Sources */ = {isa = PBXBuildFile; fileRef = D52E852E1925F7F300C93F48 /* YouYangTests.m */; };
		D52E85901925F8A400C93F48 /* DBUtils.m in Sources */ = {isa = PBXBuildFile; fileRef = D52E853A1925F8A400C93F48 /* DBUtils.m */; };
		D52E85911925F8A400C93F48 /* DownloadTableViewCell.m in Sources */ = {isa = PBXBuildFile; fileRef = D52E853C1925F8A400C93F48 /* DownloadTableViewCell.m */; };
		D52E85921925F8A400C93F48 /* FileUtils.m in Sources */ = {isa = PBXBuildFile; fileRef = D52E853E1925F8A400C93F48 /* FileUtils.m */; };
		D52E85931925F8A400C93F48 /* TimeUtil.m in Sources */ = {isa = PBXBuildFile; fileRef = D52E85401925F8A400C93F48 /* TimeUtil.m */; };
		D52E85941925F8A400C93F48 /* UIImageView+RotationAnimation.m in Sources */ = {isa = PBXBuildFile; fileRef = D52E85421925F8A400C93F48 /* UIImageView+RotationAnimation.m */; };
		D52E85951925F8A400C93F48 /* UILabel+VerticalAlign.m in Sources */ = {isa = PBXBuildFile; fileRef = D52E85441925F8A400C93F48 /* UILabel+VerticalAlign.m */; };
		D52E85961925F8A400C93F48 /* 404-1.png in Resources */ = {isa = PBXBuildFile; fileRef = D52E85461925F8A400C93F48 /* 404-1.png */; };
		D52E85971925F8A400C93F48 /* 404.css in Resources */ = {isa = PBXBuildFile; fileRef = D52E85471925F8A400C93F48 /* 404.css */; };
		D52E85981925F8A400C93F48 /* 404.html in Resources */ = {isa = PBXBuildFile; fileRef = D52E85481925F8A400C93F48 /* 404.html */; };
		D52E85991925F8A400C93F48 /* AFHTTPClient.m in Sources */ = {isa = PBXBuildFile; fileRef = D52E854C1925F8A400C93F48 /* AFHTTPClient.m */; };
		D52E859A1925F8A400C93F48 /* AFHTTPRequestOperation.m in Sources */ = {isa = PBXBuildFile; fileRef = D52E854E1925F8A400C93F48 /* AFHTTPRequestOperation.m */; };
		D52E859B1925F8A400C93F48 /* AFImageRequestOperation.m in Sources */ = {isa = PBXBuildFile; fileRef = D52E85501925F8A400C93F48 /* AFImageRequestOperation.m */; };
		D52E859C1925F8A400C93F48 /* AFJSONRequestOperation.m in Sources */ = {isa = PBXBuildFile; fileRef = D52E85521925F8A400C93F48 /* AFJSONRequestOperation.m */; };
		D52E859D1925F8A400C93F48 /* AFNetworkActivityIndicatorManager.m in Sources */ = {isa = PBXBuildFile; fileRef = D52E85541925F8A400C93F48 /* AFNetworkActivityIndicatorManager.m */; };
		D52E859E1925F8A400C93F48 /* AFPropertyListRequestOperation.m in Sources */ = {isa = PBXBuildFile; fileRef = D52E85571925F8A400C93F48 /* AFPropertyListRequestOperation.m */; };
		D52E859F1925F8A400C93F48 /* AFURLConnectionOperation.m in Sources */ = {isa = PBXBuildFile; fileRef = D52E85591925F8A400C93F48 /* AFURLConnectionOperation.m */; };
		D52E85A01925F8A400C93F48 /* AFXMLRequestOperation.m in Sources */ = {isa = PBXBuildFile; fileRef = D52E855B1925F8A400C93F48 /* AFXMLRequestOperation.m */; };
		D52E85A11925F8A400C93F48 /* UIImageView+AFNetworking.m in Sources */ = {isa = PBXBuildFile; fileRef = D52E855D1925F8A400C93F48 /* UIImageView+AFNetworking.m */; };
		D52E85A21925F8A400C93F48 /* AudioStreamer.m in Sources */ = {isa = PBXBuildFile; fileRef = D52E85601925F8A400C93F48 /* AudioStreamer.m */; settings = {COMPILER_FLAGS = "-fno-objc-arc"; }; };
		D52E85A31925F8A400C93F48 /* FMDatabase.m in Sources */ = {isa = PBXBuildFile; fileRef = D52E85641925F8A400C93F48 /* FMDatabase.m */; };
		D52E85A41925F8A400C93F48 /* FMDatabaseAdditions.m in Sources */ = {isa = PBXBuildFile; fileRef = D52E85661925F8A400C93F48 /* FMDatabaseAdditions.m */; };
		D52E85A51925F8A400C93F48 /* FMDatabasePool.m in Sources */ = {isa = PBXBuildFile; fileRef = D52E85681925F8A400C93F48 /* FMDatabasePool.m */; };
		D52E85A61925F8A400C93F48 /* FMDatabaseQueue.m in Sources */ = {isa = PBXBuildFile; fileRef = D52E856A1925F8A400C93F48 /* FMDatabaseQueue.m */; };
		D52E85A71925F8A400C93F48 /* FMResultSet.m in Sources */ = {isa = PBXBuildFile; fileRef = D52E856C1925F8A400C93F48 /* FMResultSet.m */; };
		D52E85A81925F8A400C93F48 /* GDataXMLNode.m in Sources */ = {isa = PBXBuildFile; fileRef = D52E856F1925F8A400C93F48 /* GDataXMLNode.m */; settings = {COMPILER_FLAGS = "-fno-objc-arc"; }; };
		D52E85A91925F8A400C93F48 /* JSONKit.m in Sources */ = {isa = PBXBuildFile; fileRef = D52E85721925F8A400C93F48 /* JSONKit.m */; settings = {COMPILER_FLAGS = "-fno-objc-arc"; }; };
		D52E85AA1925F8A400C93F48 /* MJPopupBackgroundView.m in Sources */ = {isa = PBXBuildFile; fileRef = D52E85751925F8A400C93F48 /* MJPopupBackgroundView.m */; };
		D52E85AB1925F8A400C93F48 /* UIViewController+MJPopupViewController.m in Sources */ = {isa = PBXBuildFile; fileRef = D52E85771925F8A400C93F48 /* UIViewController+MJPopupViewController.m */; };
		D52E85AC1925F8A400C93F48 /* Reachability.m in Sources */ = {isa = PBXBuildFile; fileRef = D52E857A1925F8A400C93F48 /* Reachability.m */; };
		D52E85AD1925F8A400C93F48 /* ZipArchive.m in Sources */ = {isa = PBXBuildFile; fileRef = D52E857D1925F8A400C93F48 /* ZipArchive.m */; settings = {COMPILER_FLAGS = "-fno-objc-arc"; }; };
		D52E85AE1925F8A400C93F48 /* ioapi.c in Sources */ = {isa = PBXBuildFile; fileRef = D52E85801925F8A400C93F48 /* ioapi.c */; };
		D52E85AF1925F8A400C93F48 /* mztools.c in Sources */ = {isa = PBXBuildFile; fileRef = D52E85821925F8A400C93F48 /* mztools.c */; };
		D52E85B01925F8A400C93F48 /* unzip.c in Sources */ = {isa = PBXBuildFile; fileRef = D52E85841925F8A400C93F48 /* unzip.c */; };
		D52E85B11925F8A400C93F48 /* zip.c in Sources */ = {isa = PBXBuildFile; fileRef = D52E85861925F8A400C93F48 /* zip.c */; };
		D52E85B81925FA3700C93F48 /* download_zh.plist in Resources */ = {isa = PBXBuildFile; fileRef = D52E85B71925FA3700C93F48 /* download_zh.plist */; };
		D52E85BB1925FABF00C93F48 /* Localizable.strings in Resources */ = {isa = PBXBuildFile; fileRef = D52E85BD1925FABF00C93F48 /* Localizable.strings */; };
		D536B6EF1926F0EC000EFB35 /* ColumnViewController.m in Sources */ = {isa = PBXBuildFile; fileRef = D536B6D61926F0EC000EFB35 /* ColumnViewController.m */; };
		D536B6F01926F0EC000EFB35 /* CommunityViewController.m in Sources */ = {isa = PBXBuildFile; fileRef = D536B6D81926F0EC000EFB35 /* CommunityViewController.m */; };
		D536B6F11926F0EC000EFB35 /* DownloadViewController.m in Sources */ = {isa = PBXBuildFile; fileRef = D536B6DA1926F0EC000EFB35 /* DownloadViewController.m */; };
		D536B6F21926F0EC000EFB35 /* FooterViewController.m in Sources */ = {isa = PBXBuildFile; fileRef = D536B6DC1926F0EC000EFB35 /* FooterViewController.m */; };
		D536B6F31926F0EC000EFB35 /* HomeViewController.m in Sources */ = {isa = PBXBuildFile; fileRef = D536B6DE1926F0EC000EFB35 /* HomeViewController.m */; };
		D536B6F41926F0EC000EFB35 /* HumanityViewController.m in Sources */ = {isa = PBXBuildFile; fileRef = D536B6E01926F0EC000EFB35 /* HumanityViewController.m */; };
		D536B6F51926F0EC000EFB35 /* LandscapeViewController.m in Sources */ = {isa = PBXBuildFile; fileRef = D536B6E21926F0EC000EFB35 /* LandscapeViewController.m */; };
		D536B6F61926F0EC000EFB35 /* MusicViewController.m in Sources */ = {isa = PBXBuildFile; fileRef = D536B6E41926F0EC000EFB35 /* MusicViewController.m */; };
		D536B6F71926F0EC000EFB35 /* PopupDetailViewController.m in Sources */ = {isa = PBXBuildFile; fileRef = D536B6E61926F0EC000EFB35 /* PopupDetailViewController.m */; };
		D536B6F81926F0EC000EFB35 /* SplashViewController.m in Sources */ = {isa = PBXBuildFile; fileRef = D536B6E81926F0EC000EFB35 /* SplashViewController.m */; };
		D536B6F91926F0EC000EFB35 /* StoryViewController.m in Sources */ = {isa = PBXBuildFile; fileRef = D536B6EA1926F0EC000EFB35 /* StoryViewController.m */; };
		D536B6FA1926F0EC000EFB35 /* SuperColumnViewController.m in Sources */ = {isa = PBXBuildFile; fileRef = D536B6EC1926F0EC000EFB35 /* SuperColumnViewController.m */; };
		D536B6FB1926F0EC000EFB35 /* VideoViewController.m in Sources */ = {isa = PBXBuildFile; fileRef = D536B6EE1926F0EC000EFB35 /* VideoViewController.m */; };
		D536B70B1926F120000EFB35 /* CommunityBoard.xib in Resources */ = {isa = PBXBuildFile; fileRef = D536B6FC1926F120000EFB35 /* CommunityBoard.xib */; };
		D536B70C1926F120000EFB35 /* CommunityContentPanel.xib in Resources */ = {isa = PBXBuildFile; fileRef = D536B6FD1926F120000EFB35 /* CommunityContentPanel.xib */; };
		D536B70D1926F120000EFB35 /* DownloadTableViewCell.xib in Resources */ = {isa = PBXBuildFile; fileRef = D536B6FE1926F120000EFB35 /* DownloadTableViewCell.xib */; };
		D536B70E1926F120000EFB35 /* DownloadWin.xib in Resources */ = {isa = PBXBuildFile; fileRef = D536B6FF1926F120000EFB35 /* DownloadWin.xib */; };
		D536B70F1926F120000EFB35 /* Footer.xib in Resources */ = {isa = PBXBuildFile; fileRef = D536B7001926F120000EFB35 /* Footer.xib */; };
		D536B7101926F120000EFB35 /* HomeBoard.xib in Resources */ = {isa = PBXBuildFile; fileRef = D536B7011926F120000EFB35 /* HomeBoard.xib */; };
		D536B7111926F120000EFB35 /* LandscapeBoard.xib in Resources */ = {isa = PBXBuildFile; fileRef = D536B7021926F120000EFB35 /* LandscapeBoard.xib */; };
		D536B7121926F120000EFB35 /* HumanityContentPanel.xib in Resources */ = {isa = PBXBuildFile; fileRef = D536B7031926F120000EFB35 /* HumanityContentPanel.xib */; };
		D536B7131926F120000EFB35 /* HumanityBoard.xib in Resources */ = {isa = PBXBuildFile; fileRef = D536B7041926F120000EFB35 /* HumanityBoard.xib */; };
		D536B7141926F120000EFB35 /* LandscapeContentPanel.xib in Resources */ = {isa = PBXBuildFile; fileRef = D536B7051926F120000EFB35 /* LandscapeContentPanel.xib */; };
		D536B7151926F120000EFB35 /* MusicPlayerView.xib in Resources */ = {isa = PBXBuildFile; fileRef = D536B7061926F120000EFB35 /* MusicPlayerView.xib */; };
		D536B7161926F120000EFB35 /* PopDetailView.xib in Resources */ = {isa = PBXBuildFile; fileRef = D536B7071926F120000EFB35 /* PopDetailView.xib */; };
		D536B7171926F120000EFB35 /* StoryBoard.xib in Resources */ = {isa = PBXBuildFile; fileRef = D536B7081926F120000EFB35 /* StoryBoard.xib */; };
		D536B7181926F120000EFB35 /* StoryContentPanel.xib in Resources */ = {isa = PBXBuildFile; fileRef = D536B7091926F120000EFB35 /* StoryContentPanel.xib */; };
		D536B7191926F120000EFB35 /* VideoPlay.xib in Resources */ = {isa = PBXBuildFile; fileRef = D536B70A1926F120000EFB35 /* VideoPlay.xib */; };
/* End PBXBuildFile section */

/* Begin PBXContainerItemProxy section */
		D52E85261925F7F300C93F48 /* PBXContainerItemProxy */ = {
			isa = PBXContainerItemProxy;
			containerPortal = D52E84F81925F7F200C93F48 /* Project object */;
			proxyType = 1;
			remoteGlobalIDString = D52E84FF1925F7F200C93F48;
			remoteInfo = YouYang;
		};
/* End PBXContainerItemProxy section */

/* Begin PBXFileReference section */
		D501D6A71929A21F005EA9F7 /* Constants.h */ = {isa = PBXFileReference; fileEncoding = 4; lastKnownFileType = sourcecode.c.h; path = Constants.h; sourceTree = "<group>"; };
		D501D6A81929A21F005EA9F7 /* Constants.m */ = {isa = PBXFileReference; fileEncoding = 4; lastKnownFileType = sourcecode.c.objc; path = Constants.m; sourceTree = "<group>"; };
		D501D6A91929A21F005EA9F7 /* VarUtils.h */ = {isa = PBXFileReference; fileEncoding = 4; lastKnownFileType = sourcecode.c.h; path = VarUtils.h; sourceTree = "<group>"; };
		D501D6AB1929FC0B005EA9F7 /* libxml2.dylib */ = {isa = PBXFileReference; lastKnownFileType = "compiled.mach-o.dylib"; name = libxml2.dylib; path = usr/lib/libxml2.dylib; sourceTree = SDKROOT; };
		D501D6AD1929FC22005EA9F7 /* AudioToolbox.framework */ = {isa = PBXFileReference; lastKnownFileType = wrapper.framework; name = AudioToolbox.framework; path = System/Library/Frameworks/AudioToolbox.framework; sourceTree = SDKROOT; };
		D501D6AF1929FC32005EA9F7 /* libsqlite3.0.dylib */ = {isa = PBXFileReference; lastKnownFileType = "compiled.mach-o.dylib"; name = libsqlite3.0.dylib; path = usr/lib/libsqlite3.0.dylib; sourceTree = SDKROOT; };
		D501D6B11929FC3E005EA9F7 /* libz.1.2.5.dylib */ = {isa = PBXFileReference; lastKnownFileType = "compiled.mach-o.dylib"; name = libz.1.2.5.dylib; path = usr/lib/libz.1.2.5.dylib; sourceTree = SDKROOT; };
		D501D6B31929FC52005EA9F7 /* SystemConfiguration.framework */ = {isa = PBXFileReference; lastKnownFileType = wrapper.framework; name = SystemConfiguration.framework; path = System/Library/Frameworks/SystemConfiguration.framework; sourceTree = SDKROOT; };
		D501D6B51929FC6F005EA9F7 /* CoreData.framework */ = {isa = PBXFileReference; lastKnownFileType = wrapper.framework; name = CoreData.framework; path = System/Library/Frameworks/CoreData.framework; sourceTree = SDKROOT; };
		D501D6B71929FC7E005EA9F7 /* libGoogleAnalyticsServices.a */ = {isa = PBXFileReference; lastKnownFileType = archive.ar; name = libGoogleAnalyticsServices.a; path = "../../../../MAC_DATA/第三方组件/GoogleAnalyticsServicesiOS_3.06/libGoogleAnalyticsServices.a"; sourceTree = "<group>"; };
		D501D6B9192A0115005EA9F7 /* YouYang-Info.plist */ = {isa = PBXFileReference; fileEncoding = 4; lastKnownFileType = text.plist.xml; path = "YouYang-Info.plist"; sourceTree = "<group>"; };
		D52E85001925F7F200C93F48 /* YouYang.app */ = {isa = PBXFileReference; explicitFileType = wrapper.application; includeInIndex = 0; path = YouYang.app; sourceTree = BUILT_PRODUCTS_DIR; };
		D52E85031925F7F200C93F48 /* Foundation.framework */ = {isa = PBXFileReference; lastKnownFileType = wrapper.framework; name = Foundation.framework; path = System/Library/Frameworks/Foundation.framework; sourceTree = SDKROOT; };
		D52E85051925F7F200C93F48 /* CoreGraphics.framework */ = {isa = PBXFileReference; lastKnownFileType = wrapper.framework; name = CoreGraphics.framework; path = System/Library/Frameworks/CoreGraphics.framework; sourceTree = SDKROOT; };
		D52E85071925F7F200C93F48 /* UIKit.framework */ = {isa = PBXFileReference; lastKnownFileType = wrapper.framework; name = UIKit.framework; path = System/Library/Frameworks/UIKit.framework; sourceTree = SDKROOT; };
		D52E850D1925F7F200C93F48 /* en */ = {isa = PBXFileReference; lastKnownFileType = text.plist.strings; name = en; path = en.lproj/InfoPlist.strings; sourceTree = "<group>"; };
		D52E850F1925F7F200C93F48 /* main.m */ = {isa = PBXFileReference; lastKnownFileType = sourcecode.c.objc; path = main.m; sourceTree = "<group>"; };
		D52E85111925F7F200C93F48 /* YouYang-Prefix.pch */ = {isa = PBXFileReference; lastKnownFileType = sourcecode.c.h; path = "YouYang-Prefix.pch"; sourceTree = "<group>"; };
		D52E85121925F7F200C93F48 /* AppDelegate.h */ = {isa = PBXFileReference; lastKnownFileType = sourcecode.c.h; path = AppDelegate.h; sourceTree = "<group>"; };
		D52E85131925F7F200C93F48 /* AppDelegate.m */ = {isa = PBXFileReference; lastKnownFileType = sourcecode.c.objc; path = AppDelegate.m; sourceTree = "<group>"; };
		D52E85161925F7F200C93F48 /* Base */ = {isa = PBXFileReference; lastKnownFileType = file.storyboard; name = Base; path = Base.lproj/Main.storyboard; sourceTree = "<group>"; };
		D52E85181925F7F200C93F48 /* ViewController.h */ = {isa = PBXFileReference; lastKnownFileType = sourcecode.c.h; path = ViewController.h; sourceTree = "<group>"; };
		D52E85191925F7F200C93F48 /* ViewController.m */ = {isa = PBXFileReference; lastKnownFileType = sourcecode.c.objc; path = ViewController.m; sourceTree = "<group>"; };
		D52E851B1925F7F200C93F48 /* Images.xcassets */ = {isa = PBXFileReference; lastKnownFileType = folder.assetcatalog; path = Images.xcassets; sourceTree = "<group>"; };
		D52E85211925F7F200C93F48 /* YouYangTests.xctest */ = {isa = PBXFileReference; explicitFileType = wrapper.cfbundle; includeInIndex = 0; path = YouYangTests.xctest; sourceTree = BUILT_PRODUCTS_DIR; };
		D52E85221925F7F200C93F48 /* XCTest.framework */ = {isa = PBXFileReference; lastKnownFileType = wrapper.framework; name = XCTest.framework; path = Library/Frameworks/XCTest.framework; sourceTree = DEVELOPER_DIR; };
		D52E852A1925F7F300C93F48 /* YouYangTests-Info.plist */ = {isa = PBXFileReference; lastKnownFileType = text.plist.xml; path = "YouYangTests-Info.plist"; sourceTree = "<group>"; };
		D52E852C1925F7F300C93F48 /* en */ = {isa = PBXFileReference; lastKnownFileType = text.plist.strings; name = en; path = en.lproj/InfoPlist.strings; sourceTree = "<group>"; };
		D52E852E1925F7F300C93F48 /* YouYangTests.m */ = {isa = PBXFileReference; lastKnownFileType = sourcecode.c.objc; path = YouYangTests.m; sourceTree = "<group>"; };
		D52E85391925F8A400C93F48 /* DBUtils.h */ = {isa = PBXFileReference; fileEncoding = 4; lastKnownFileType = sourcecode.c.h; path = DBUtils.h; sourceTree = "<group>"; };
		D52E853A1925F8A400C93F48 /* DBUtils.m */ = {isa = PBXFileReference; fileEncoding = 4; lastKnownFileType = sourcecode.c.objc; path = DBUtils.m; sourceTree = "<group>"; };
		D52E853B1925F8A400C93F48 /* DownloadTableViewCell.h */ = {isa = PBXFileReference; fileEncoding = 4; lastKnownFileType = sourcecode.c.h; path = DownloadTableViewCell.h; sourceTree = "<group>"; };
		D52E853C1925F8A400C93F48 /* DownloadTableViewCell.m */ = {isa = PBXFileReference; fileEncoding = 4; lastKnownFileType = sourcecode.c.objc; path = DownloadTableViewCell.m; sourceTree = "<group>"; };
		D52E853D1925F8A400C93F48 /* FileUtils.h */ = {isa = PBXFileReference; fileEncoding = 4; lastKnownFileType = sourcecode.c.h; path = FileUtils.h; sourceTree = "<group>"; };
		D52E853E1925F8A400C93F48 /* FileUtils.m */ = {isa = PBXFileReference; fileEncoding = 4; lastKnownFileType = sourcecode.c.objc; path = FileUtils.m; sourceTree = "<group>"; };
		D52E853F1925F8A400C93F48 /* TimeUtil.h */ = {isa = PBXFileReference; fileEncoding = 4; lastKnownFileType = sourcecode.c.h; path = TimeUtil.h; sourceTree = "<group>"; };
		D52E85401925F8A400C93F48 /* TimeUtil.m */ = {isa = PBXFileReference; fileEncoding = 4; lastKnownFileType = sourcecode.c.objc; path = TimeUtil.m; sourceTree = "<group>"; };
		D52E85411925F8A400C93F48 /* UIImageView+RotationAnimation.h */ = {isa = PBXFileReference; fileEncoding = 4; lastKnownFileType = sourcecode.c.h; path = "UIImageView+RotationAnimation.h"; sourceTree = "<group>"; };
		D52E85421925F8A400C93F48 /* UIImageView+RotationAnimation.m */ = {isa = PBXFileReference; fileEncoding = 4; lastKnownFileType = sourcecode.c.objc; path = "UIImageView+RotationAnimation.m"; sourceTree = "<group>"; };
		D52E85431925F8A400C93F48 /* UILabel+VerticalAlign.h */ = {isa = PBXFileReference; fileEncoding = 4; lastKnownFileType = sourcecode.c.h; path = "UILabel+VerticalAlign.h"; sourceTree = "<group>"; };
		D52E85441925F8A400C93F48 /* UILabel+VerticalAlign.m */ = {isa = PBXFileReference; fileEncoding = 4; lastKnownFileType = sourcecode.c.objc; path = "UILabel+VerticalAlign.m"; sourceTree = "<group>"; };
		D52E85461925F8A400C93F48 /* 404-1.png */ = {isa = PBXFileReference; lastKnownFileType = image.png; path = "404-1.png"; sourceTree = "<group>"; };
		D52E85471925F8A400C93F48 /* 404.css */ = {isa = PBXFileReference; fileEncoding = 4; lastKnownFileType = text.css; path = 404.css; sourceTree = "<group>"; };
		D52E85481925F8A400C93F48 /* 404.html */ = {isa = PBXFileReference; fileEncoding = 4; lastKnownFileType = text.html; path = 404.html; sourceTree = "<group>"; };
		D52E854B1925F8A400C93F48 /* AFHTTPClient.h */ = {isa = PBXFileReference; fileEncoding = 4; lastKnownFileType = sourcecode.c.h; path = AFHTTPClient.h; sourceTree = "<group>"; };
		D52E854C1925F8A400C93F48 /* AFHTTPClient.m */ = {isa = PBXFileReference; fileEncoding = 4; lastKnownFileType = sourcecode.c.objc; path = AFHTTPClient.m; sourceTree = "<group>"; };
		D52E854D1925F8A400C93F48 /* AFHTTPRequestOperation.h */ = {isa = PBXFileReference; fileEncoding = 4; lastKnownFileType = sourcecode.c.h; path = AFHTTPRequestOperation.h; sourceTree = "<group>"; };
		D52E854E1925F8A400C93F48 /* AFHTTPRequestOperation.m */ = {isa = PBXFileReference; fileEncoding = 4; lastKnownFileType = sourcecode.c.objc; path = AFHTTPRequestOperation.m; sourceTree = "<group>"; };
		D52E854F1925F8A400C93F48 /* AFImageRequestOperation.h */ = {isa = PBXFileReference; fileEncoding = 4; lastKnownFileType = sourcecode.c.h; path = AFImageRequestOperation.h; sourceTree = "<group>"; };
		D52E85501925F8A400C93F48 /* AFImageRequestOperation.m */ = {isa = PBXFileReference; fileEncoding = 4; lastKnownFileType = sourcecode.c.objc; path = AFImageRequestOperation.m; sourceTree = "<group>"; };
		D52E85511925F8A400C93F48 /* AFJSONRequestOperation.h */ = {isa = PBXFileReference; fileEncoding = 4; lastKnownFileType = sourcecode.c.h; path = AFJSONRequestOperation.h; sourceTree = "<group>"; };
		D52E85521925F8A400C93F48 /* AFJSONRequestOperation.m */ = {isa = PBXFileReference; fileEncoding = 4; lastKnownFileType = sourcecode.c.objc; path = AFJSONRequestOperation.m; sourceTree = "<group>"; };
		D52E85531925F8A400C93F48 /* AFNetworkActivityIndicatorManager.h */ = {isa = PBXFileReference; fileEncoding = 4; lastKnownFileType = sourcecode.c.h; path = AFNetworkActivityIndicatorManager.h; sourceTree = "<group>"; };
		D52E85541925F8A400C93F48 /* AFNetworkActivityIndicatorManager.m */ = {isa = PBXFileReference; fileEncoding = 4; lastKnownFileType = sourcecode.c.objc; path = AFNetworkActivityIndicatorManager.m; sourceTree = "<group>"; };
		D52E85551925F8A400C93F48 /* AFNetworking.h */ = {isa = PBXFileReference; fileEncoding = 4; lastKnownFileType = sourcecode.c.h; path = AFNetworking.h; sourceTree = "<group>"; };
		D52E85561925F8A400C93F48 /* AFPropertyListRequestOperation.h */ = {isa = PBXFileReference; fileEncoding = 4; lastKnownFileType = sourcecode.c.h; path = AFPropertyListRequestOperation.h; sourceTree = "<group>"; };
		D52E85571925F8A400C93F48 /* AFPropertyListRequestOperation.m */ = {isa = PBXFileReference; fileEncoding = 4; lastKnownFileType = sourcecode.c.objc; path = AFPropertyListRequestOperation.m; sourceTree = "<group>"; };
		D52E85581925F8A400C93F48 /* AFURLConnectionOperation.h */ = {isa = PBXFileReference; fileEncoding = 4; lastKnownFileType = sourcecode.c.h; path = AFURLConnectionOperation.h; sourceTree = "<group>"; };
		D52E85591925F8A400C93F48 /* AFURLConnectionOperation.m */ = {isa = PBXFileReference; fileEncoding = 4; lastKnownFileType = sourcecode.c.objc; path = AFURLConnectionOperation.m; sourceTree = "<group>"; };
		D52E855A1925F8A400C93F48 /* AFXMLRequestOperation.h */ = {isa = PBXFileReference; fileEncoding = 4; lastKnownFileType = sourcecode.c.h; path = AFXMLRequestOperation.h; sourceTree = "<group>"; };
		D52E855B1925F8A400C93F48 /* AFXMLRequestOperation.m */ = {isa = PBXFileReference; fileEncoding = 4; lastKnownFileType = sourcecode.c.objc; path = AFXMLRequestOperation.m; sourceTree = "<group>"; };
		D52E855C1925F8A400C93F48 /* UIImageView+AFNetworking.h */ = {isa = PBXFileReference; fileEncoding = 4; lastKnownFileType = sourcecode.c.h; path = "UIImageView+AFNetworking.h"; sourceTree = "<group>"; };
		D52E855D1925F8A400C93F48 /* UIImageView+AFNetworking.m */ = {isa = PBXFileReference; fileEncoding = 4; lastKnownFileType = sourcecode.c.objc; path = "UIImageView+AFNetworking.m"; sourceTree = "<group>"; };
		D52E855F1925F8A400C93F48 /* AudioStreamer.h */ = {isa = PBXFileReference; fileEncoding = 4; lastKnownFileType = sourcecode.c.h; path = AudioStreamer.h; sourceTree = "<group>"; };
		D52E85601925F8A400C93F48 /* AudioStreamer.m */ = {isa = PBXFileReference; fileEncoding = 4; lastKnownFileType = sourcecode.c.objc; path = AudioStreamer.m; sourceTree = "<group>"; };
		D52E85621925F8A400C93F48 /* FMDB.h */ = {isa = PBXFileReference; fileEncoding = 4; lastKnownFileType = sourcecode.c.h; path = FMDB.h; sourceTree = "<group>"; };
		D52E85631925F8A400C93F48 /* FMDatabase.h */ = {isa = PBXFileReference; fileEncoding = 4; lastKnownFileType = sourcecode.c.h; path = FMDatabase.h; sourceTree = "<group>"; };
		D52E85641925F8A400C93F48 /* FMDatabase.m */ = {isa = PBXFileReference; fileEncoding = 4; lastKnownFileType = sourcecode.c.objc; path = FMDatabase.m; sourceTree = "<group>"; };
		D52E85651925F8A400C93F48 /* FMDatabaseAdditions.h */ = {isa = PBXFileReference; fileEncoding = 4; lastKnownFileType = sourcecode.c.h; path = FMDatabaseAdditions.h; sourceTree = "<group>"; };
		D52E85661925F8A400C93F48 /* FMDatabaseAdditions.m */ = {isa = PBXFileReference; fileEncoding = 4; lastKnownFileType = sourcecode.c.objc; path = FMDatabaseAdditions.m; sourceTree = "<group>"; };
		D52E85671925F8A400C93F48 /* FMDatabasePool.h */ = {isa = PBXFileReference; fileEncoding = 4; lastKnownFileType = sourcecode.c.h; path = FMDatabasePool.h; sourceTree = "<group>"; };
		D52E85681925F8A400C93F48 /* FMDatabasePool.m */ = {isa = PBXFileReference; fileEncoding = 4; lastKnownFileType = sourcecode.c.objc; path = FMDatabasePool.m; sourceTree = "<group>"; };
		D52E85691925F8A400C93F48 /* FMDatabaseQueue.h */ = {isa = PBXFileReference; fileEncoding = 4; lastKnownFileType = sourcecode.c.h; path = FMDatabaseQueue.h; sourceTree = "<group>"; };
		D52E856A1925F8A400C93F48 /* FMDatabaseQueue.m */ = {isa = PBXFileReference; fileEncoding = 4; lastKnownFileType = sourcecode.c.objc; path = FMDatabaseQueue.m; sourceTree = "<group>"; };
		D52E856B1925F8A400C93F48 /* FMResultSet.h */ = {isa = PBXFileReference; fileEncoding = 4; lastKnownFileType = sourcecode.c.h; path = FMResultSet.h; sourceTree = "<group>"; };
		D52E856C1925F8A400C93F48 /* FMResultSet.m */ = {isa = PBXFileReference; fileEncoding = 4; lastKnownFileType = sourcecode.c.objc; path = FMResultSet.m; sourceTree = "<group>"; };
		D52E856E1925F8A400C93F48 /* GDataXMLNode.h */ = {isa = PBXFileReference; fileEncoding = 4; lastKnownFileType = sourcecode.c.h; path = GDataXMLNode.h; sourceTree = "<group>"; };
		D52E856F1925F8A400C93F48 /* GDataXMLNode.m */ = {isa = PBXFileReference; fileEncoding = 4; lastKnownFileType = sourcecode.c.objc; path = GDataXMLNode.m; sourceTree = "<group>"; };
		D52E85711925F8A400C93F48 /* JSONKit.h */ = {isa = PBXFileReference; fileEncoding = 4; lastKnownFileType = sourcecode.c.h; path = JSONKit.h; sourceTree = "<group>"; };
		D52E85721925F8A400C93F48 /* JSONKit.m */ = {isa = PBXFileReference; fileEncoding = 4; lastKnownFileType = sourcecode.c.objc; path = JSONKit.m; sourceTree = "<group>"; };
		D52E85741925F8A400C93F48 /* MJPopupBackgroundView.h */ = {isa = PBXFileReference; fileEncoding = 4; lastKnownFileType = sourcecode.c.h; path = MJPopupBackgroundView.h; sourceTree = "<group>"; };
		D52E85751925F8A400C93F48 /* MJPopupBackgroundView.m */ = {isa = PBXFileReference; fileEncoding = 4; lastKnownFileType = sourcecode.c.objc; path = MJPopupBackgroundView.m; sourceTree = "<group>"; };
		D52E85761925F8A400C93F48 /* UIViewController+MJPopupViewController.h */ = {isa = PBXFileReference; fileEncoding = 4; lastKnownFileType = sourcecode.c.h; path = "UIViewController+MJPopupViewController.h"; sourceTree = "<group>"; };
		D52E85771925F8A400C93F48 /* UIViewController+MJPopupViewController.m */ = {isa = PBXFileReference; fileEncoding = 4; lastKnownFileType = sourcecode.c.objc; path = "UIViewController+MJPopupViewController.m"; sourceTree = "<group>"; };
		D52E85791925F8A400C93F48 /* Reachability.h */ = {isa = PBXFileReference; fileEncoding = 4; lastKnownFileType = sourcecode.c.h; path = Reachability.h; sourceTree = "<group>"; };
		D52E857A1925F8A400C93F48 /* Reachability.m */ = {isa = PBXFileReference; fileEncoding = 4; lastKnownFileType = sourcecode.c.objc; path = Reachability.m; sourceTree = "<group>"; };
		D52E857C1925F8A400C93F48 /* ZipArchive.h */ = {isa = PBXFileReference; fileEncoding = 4; lastKnownFileType = sourcecode.c.h; path = ZipArchive.h; sourceTree = "<group>"; };
		D52E857D1925F8A400C93F48 /* ZipArchive.m */ = {isa = PBXFileReference; fileEncoding = 4; lastKnownFileType = sourcecode.c.objc; path = ZipArchive.m; sourceTree = "<group>"; };
		D52E857F1925F8A400C93F48 /* crypt.h */ = {isa = PBXFileReference; fileEncoding = 4; lastKnownFileType = sourcecode.c.h; path = crypt.h; sourceTree = "<group>"; };
		D52E85801925F8A400C93F48 /* ioapi.c */ = {isa = PBXFileReference; fileEncoding = 4; lastKnownFileType = sourcecode.c.c; path = ioapi.c; sourceTree = "<group>"; };
		D52E85811925F8A400C93F48 /* ioapi.h */ = {isa = PBXFileReference; fileEncoding = 4; lastKnownFileType = sourcecode.c.h; path = ioapi.h; sourceTree = "<group>"; };
		D52E85821925F8A400C93F48 /* mztools.c */ = {isa = PBXFileReference; fileEncoding = 4; lastKnownFileType = sourcecode.c.c; path = mztools.c; sourceTree = "<group>"; };
		D52E85831925F8A400C93F48 /* mztools.h */ = {isa = PBXFileReference; fileEncoding = 4; lastKnownFileType = sourcecode.c.h; path = mztools.h; sourceTree = "<group>"; };
		D52E85841925F8A400C93F48 /* unzip.c */ = {isa = PBXFileReference; fileEncoding = 4; lastKnownFileType = sourcecode.c.c; path = unzip.c; sourceTree = "<group>"; };
		D52E85851925F8A400C93F48 /* unzip.h */ = {isa = PBXFileReference; fileEncoding = 4; lastKnownFileType = sourcecode.c.h; path = unzip.h; sourceTree = "<group>"; };
		D52E85861925F8A400C93F48 /* zip.c */ = {isa = PBXFileReference; fileEncoding = 4; lastKnownFileType = sourcecode.c.c; path = zip.c; sourceTree = "<group>"; };
		D52E85871925F8A400C93F48 /* zip.h */ = {isa = PBXFileReference; fileEncoding = 4; lastKnownFileType = sourcecode.c.h; path = zip.h; sourceTree = "<group>"; };
		D52E85891925F8A400C93F48 /* GAI.h */ = {isa = PBXFileReference; fileEncoding = 4; lastKnownFileType = sourcecode.c.h; path = GAI.h; sourceTree = "<group>"; };
		D52E858A1925F8A400C93F48 /* GAIDictionaryBuilder.h */ = {isa = PBXFileReference; fileEncoding = 4; lastKnownFileType = sourcecode.c.h; path = GAIDictionaryBuilder.h; sourceTree = "<group>"; };
		D52E858B1925F8A400C93F48 /* GAIFields.h */ = {isa = PBXFileReference; fileEncoding = 4; lastKnownFileType = sourcecode.c.h; path = GAIFields.h; sourceTree = "<group>"; };
		D52E858C1925F8A400C93F48 /* GAILogger.h */ = {isa = PBXFileReference; fileEncoding = 4; lastKnownFileType = sourcecode.c.h; path = GAILogger.h; sourceTree = "<group>"; };
		D52E858D1925F8A400C93F48 /* GAITrackedViewController.h */ = {isa = PBXFileReference; fileEncoding = 4; lastKnownFileType = sourcecode.c.h; path = GAITrackedViewController.h; sourceTree = "<group>"; };
		D52E858E1925F8A400C93F48 /* GAITracker.h */ = {isa = PBXFileReference; fileEncoding = 4; lastKnownFileType = sourcecode.c.h; path = GAITracker.h; sourceTree = "<group>"; };
		D52E85B21925F9E200C93F48 /* zh-Hans */ = {isa = PBXFileReference; lastKnownFileType = text.plist.strings; name = "zh-Hans"; path = "zh-Hans.lproj/Main.strings"; sourceTree = "<group>"; };
		D52E85B31925F9E200C93F48 /* zh-Hans */ = {isa = PBXFileReference; lastKnownFileType = text.plist.strings; name = "zh-Hans"; path = "zh-Hans.lproj/InfoPlist.strings"; sourceTree = "<group>"; };
		D52E85B41925F9E200C93F48 /* zh-Hans */ = {isa = PBXFileReference; lastKnownFileType = text.plist.strings; name = "zh-Hans"; path = "zh-Hans.lproj/InfoPlist.strings"; sourceTree = "<group>"; };
		D52E85B71925FA3700C93F48 /* download_zh.plist */ = {isa = PBXFileReference; fileEncoding = 4; lastKnownFileType = text.plist.xml; path = download_zh.plist; sourceTree = "<group>"; };
		D52E85BC1925FABF00C93F48 /* zh-Hans */ = {isa = PBXFileReference; lastKnownFileType = text.plist.strings; name = "zh-Hans"; path = "zh-Hans.lproj/Localizable.strings"; sourceTree = "<group>"; };
		D52E85BE1925FAC500C93F48 /* en */ = {isa = PBXFileReference; lastKnownFileType = text.plist.strings; name = en; path = en.lproj/Localizable.strings; sourceTree = "<group>"; };
		D536B6D51926F0EC000EFB35 /* ColumnViewController.h */ = {isa = PBXFileReference; fileEncoding = 4; lastKnownFileType = sourcecode.c.h; path = ColumnViewController.h; sourceTree = "<group>"; };
		D536B6D61926F0EC000EFB35 /* ColumnViewController.m */ = {isa = PBXFileReference; fileEncoding = 4; lastKnownFileType = sourcecode.c.objc; path = ColumnViewController.m; sourceTree = "<group>"; };
		D536B6D71926F0EC000EFB35 /* CommunityViewController.h */ = {isa = PBXFileReference; fileEncoding = 4; lastKnownFileType = sourcecode.c.h; path = CommunityViewController.h; sourceTree = "<group>"; };
		D536B6D81926F0EC000EFB35 /* CommunityViewController.m */ = {isa = PBXFileReference; fileEncoding = 4; lastKnownFileType = sourcecode.c.objc; path = CommunityViewController.m; sourceTree = "<group>"; };
		D536B6D91926F0EC000EFB35 /* DownloadViewController.h */ = {isa = PBXFileReference; fileEncoding = 4; lastKnownFileType = sourcecode.c.h; path = DownloadViewController.h; sourceTree = "<group>"; };
		D536B6DA1926F0EC000EFB35 /* DownloadViewController.m */ = {isa = PBXFileReference; fileEncoding = 4; lastKnownFileType = sourcecode.c.objc; path = DownloadViewController.m; sourceTree = "<group>"; };
		D536B6DB1926F0EC000EFB35 /* FooterViewController.h */ = {isa = PBXFileReference; fileEncoding = 4; lastKnownFileType = sourcecode.c.h; path = FooterViewController.h; sourceTree = "<group>"; };
		D536B6DC1926F0EC000EFB35 /* FooterViewController.m */ = {isa = PBXFileReference; fileEncoding = 4; lastKnownFileType = sourcecode.c.objc; path = FooterViewController.m; sourceTree = "<group>"; };
		D536B6DD1926F0EC000EFB35 /* HomeViewController.h */ = {isa = PBXFileReference; fileEncoding = 4; lastKnownFileType = sourcecode.c.h; path = HomeViewController.h; sourceTree = "<group>"; };
		D536B6DE1926F0EC000EFB35 /* HomeViewController.m */ = {isa = PBXFileReference; fileEncoding = 4; lastKnownFileType = sourcecode.c.objc; path = HomeViewController.m; sourceTree = "<group>"; };
		D536B6DF1926F0EC000EFB35 /* HumanityViewController.h */ = {isa = PBXFileReference; fileEncoding = 4; lastKnownFileType = sourcecode.c.h; path = HumanityViewController.h; sourceTree = "<group>"; };
		D536B6E01926F0EC000EFB35 /* HumanityViewController.m */ = {isa = PBXFileReference; fileEncoding = 4; lastKnownFileType = sourcecode.c.objc; path = HumanityViewController.m; sourceTree = "<group>"; };
		D536B6E11926F0EC000EFB35 /* LandscapeViewController.h */ = {isa = PBXFileReference; fileEncoding = 4; lastKnownFileType = sourcecode.c.h; path = LandscapeViewController.h; sourceTree = "<group>"; };
		D536B6E21926F0EC000EFB35 /* LandscapeViewController.m */ = {isa = PBXFileReference; fileEncoding = 4; lastKnownFileType = sourcecode.c.objc; path = LandscapeViewController.m; sourceTree = "<group>"; };
		D536B6E31926F0EC000EFB35 /* MusicViewController.h */ = {isa = PBXFileReference; fileEncoding = 4; lastKnownFileType = sourcecode.c.h; path = MusicViewController.h; sourceTree = "<group>"; };
		D536B6E41926F0EC000EFB35 /* MusicViewController.m */ = {isa = PBXFileReference; fileEncoding = 4; lastKnownFileType = sourcecode.c.objc; path = MusicViewController.m; sourceTree = "<group>"; };
		D536B6E51926F0EC000EFB35 /* PopupDetailViewController.h */ = {isa = PBXFileReference; fileEncoding = 4; lastKnownFileType = sourcecode.c.h; path = PopupDetailViewController.h; sourceTree = "<group>"; };
		D536B6E61926F0EC000EFB35 /* PopupDetailViewController.m */ = {isa = PBXFileReference; fileEncoding = 4; lastKnownFileType = sourcecode.c.objc; path = PopupDetailViewController.m; sourceTree = "<group>"; };
		D536B6E71926F0EC000EFB35 /* SplashViewController.h */ = {isa = PBXFileReference; fileEncoding = 4; lastKnownFileType = sourcecode.c.h; path = SplashViewController.h; sourceTree = "<group>"; };
		D536B6E81926F0EC000EFB35 /* SplashViewController.m */ = {isa = PBXFileReference; fileEncoding = 4; lastKnownFileType = sourcecode.c.objc; path = SplashViewController.m; sourceTree = "<group>"; };
		D536B6E91926F0EC000EFB35 /* StoryViewController.h */ = {isa = PBXFileReference; fileEncoding = 4; lastKnownFileType = sourcecode.c.h; path = StoryViewController.h; sourceTree = "<group>"; };
		D536B6EA1926F0EC000EFB35 /* StoryViewController.m */ = {isa = PBXFileReference; fileEncoding = 4; lastKnownFileType = sourcecode.c.objc; path = StoryViewController.m; sourceTree = "<group>"; };
		D536B6EB1926F0EC000EFB35 /* SuperColumnViewController.h */ = {isa = PBXFileReference; fileEncoding = 4; lastKnownFileType = sourcecode.c.h; path = SuperColumnViewController.h; sourceTree = "<group>"; };
		D536B6EC1926F0EC000EFB35 /* SuperColumnViewController.m */ = {isa = PBXFileReference; fileEncoding = 4; lastKnownFileType = sourcecode.c.objc; path = SuperColumnViewController.m; sourceTree = "<group>"; };
		D536B6ED1926F0EC000EFB35 /* VideoViewController.h */ = {isa = PBXFileReference; fileEncoding = 4; lastKnownFileType = sourcecode.c.h; path = VideoViewController.h; sourceTree = "<group>"; };
		D536B6EE1926F0EC000EFB35 /* VideoViewController.m */ = {isa = PBXFileReference; fileEncoding = 4; lastKnownFileType = sourcecode.c.objc; path = VideoViewController.m; sourceTree = "<group>"; };
		D536B6FC1926F120000EFB35 /* CommunityBoard.xib */ = {isa = PBXFileReference; fileEncoding = 4; lastKnownFileType = file.xib; path = CommunityBoard.xib; sourceTree = "<group>"; };
		D536B6FD1926F120000EFB35 /* CommunityContentPanel.xib */ = {isa = PBXFileReference; fileEncoding = 4; lastKnownFileType = file.xib; path = CommunityContentPanel.xib; sourceTree = "<group>"; };
		D536B6FE1926F120000EFB35 /* DownloadTableViewCell.xib */ = {isa = PBXFileReference; fileEncoding = 4; lastKnownFileType = file.xib; path = DownloadTableViewCell.xib; sourceTree = "<group>"; };
		D536B6FF1926F120000EFB35 /* DownloadWin.xib */ = {isa = PBXFileReference; fileEncoding = 4; lastKnownFileType = file.xib; path = DownloadWin.xib; sourceTree = "<group>"; };
		D536B7001926F120000EFB35 /* Footer.xib */ = {isa = PBXFileReference; fileEncoding = 4; lastKnownFileType = file.xib; path = Footer.xib; sourceTree = "<group>"; };
		D536B7011926F120000EFB35 /* HomeBoard.xib */ = {isa = PBXFileReference; fileEncoding = 4; lastKnownFileType = file.xib; path = HomeBoard.xib; sourceTree = "<group>"; };
		D536B7021926F120000EFB35 /* LandscapeBoard.xib */ = {isa = PBXFileReference; fileEncoding = 4; lastKnownFileType = file.xib; path = LandscapeBoard.xib; sourceTree = "<group>"; };
		D536B7031926F120000EFB35 /* HumanityContentPanel.xib */ = {isa = PBXFileReference; fileEncoding = 4; lastKnownFileType = file.xib; path = HumanityContentPanel.xib; sourceTree = "<group>"; };
		D536B7041926F120000EFB35 /* HumanityBoard.xib */ = {isa = PBXFileReference; fileEncoding = 4; lastKnownFileType = file.xib; path = HumanityBoard.xib; sourceTree = "<group>"; };
		D536B7051926F120000EFB35 /* LandscapeContentPanel.xib */ = {isa = PBXFileReference; fileEncoding = 4; lastKnownFileType = file.xib; path = LandscapeContentPanel.xib; sourceTree = "<group>"; };
		D536B7061926F120000EFB35 /* MusicPlayerView.xib */ = {isa = PBXFileReference; fileEncoding = 4; lastKnownFileType = file.xib; path = MusicPlayerView.xib; sourceTree = "<group>"; };
		D536B7071926F120000EFB35 /* PopDetailView.xib */ = {isa = PBXFileReference; fileEncoding = 4; lastKnownFileType = file.xib; path = PopDetailView.xib; sourceTree = "<group>"; };
		D536B7081926F120000EFB35 /* StoryBoard.xib */ = {isa = PBXFileReference; fileEncoding = 4; lastKnownFileType = file.xib; path = StoryBoard.xib; sourceTree = "<group>"; };
		D536B7091926F120000EFB35 /* StoryContentPanel.xib */ = {isa = PBXFileReference; fileEncoding = 4; lastKnownFileType = file.xib; path = StoryContentPanel.xib; sourceTree = "<group>"; };
		D536B70A1926F120000EFB35 /* VideoPlay.xib */ = {isa = PBXFileReference; fileEncoding = 4; lastKnownFileType = file.xib; path = VideoPlay.xib; sourceTree = "<group>"; };
/* End PBXFileReference section */

/* Begin PBXFrameworksBuildPhase section */
		D52E84FD1925F7F200C93F48 /* Frameworks */ = {
			isa = PBXFrameworksBuildPhase;
			buildActionMask = 2147483647;
			files = (
				D501D6B81929FC7E005EA9F7 /* libGoogleAnalyticsServices.a in Frameworks */,
				D501D6B61929FC6F005EA9F7 /* CoreData.framework in Frameworks */,
				D501D6B41929FC53005EA9F7 /* SystemConfiguration.framework in Frameworks */,
				D501D6B21929FC3E005EA9F7 /* libz.1.2.5.dylib in Frameworks */,
				D501D6B01929FC32005EA9F7 /* libsqlite3.0.dylib in Frameworks */,
				D501D6AE1929FC22005EA9F7 /* AudioToolbox.framework in Frameworks */,
				D501D6AC1929FC0B005EA9F7 /* libxml2.dylib in Frameworks */,
				D52E85061925F7F200C93F48 /* CoreGraphics.framework in Frameworks */,
				D52E85081925F7F200C93F48 /* UIKit.framework in Frameworks */,
				D52E85041925F7F200C93F48 /* Foundation.framework in Frameworks */,
			);
			runOnlyForDeploymentPostprocessing = 0;
		};
		D52E851E1925F7F200C93F48 /* Frameworks */ = {
			isa = PBXFrameworksBuildPhase;
			buildActionMask = 2147483647;
			files = (
				D52E85231925F7F200C93F48 /* XCTest.framework in Frameworks */,
				D52E85251925F7F300C93F48 /* UIKit.framework in Frameworks */,
				D52E85241925F7F300C93F48 /* Foundation.framework in Frameworks */,
			);
			runOnlyForDeploymentPostprocessing = 0;
		};
/* End PBXFrameworksBuildPhase section */

/* Begin PBXGroup section */
		D52E84F71925F7F200C93F48 = {
			isa = PBXGroup;
			children = (
				D52E85091925F7F200C93F48 /* YouYang */,
				D52E85281925F7F300C93F48 /* YouYangTests */,
				D52E85021925F7F200C93F48 /* Frameworks */,
				D52E85011925F7F200C93F48 /* Products */,
			);
			sourceTree = "<group>";
		};
		D52E85011925F7F200C93F48 /* Products */ = {
			isa = PBXGroup;
			children = (
				D52E85001925F7F200C93F48 /* YouYang.app */,
				D52E85211925F7F200C93F48 /* YouYangTests.xctest */,
			);
			name = Products;
			sourceTree = "<group>";
		};
		D52E85021925F7F200C93F48 /* Frameworks */ = {
			isa = PBXGroup;
			children = (
				D501D6B71929FC7E005EA9F7 /* libGoogleAnalyticsServices.a */,
				D501D6B51929FC6F005EA9F7 /* CoreData.framework */,
				D501D6B31929FC52005EA9F7 /* SystemConfiguration.framework */,
				D501D6B11929FC3E005EA9F7 /* libz.1.2.5.dylib */,
				D501D6AF1929FC32005EA9F7 /* libsqlite3.0.dylib */,
				D501D6AD1929FC22005EA9F7 /* AudioToolbox.framework */,
				D501D6AB1929FC0B005EA9F7 /* libxml2.dylib */,
				D52E85031925F7F200C93F48 /* Foundation.framework */,
				D52E85051925F7F200C93F48 /* CoreGraphics.framework */,
				D52E85071925F7F200C93F48 /* UIKit.framework */,
				D52E85221925F7F200C93F48 /* XCTest.framework */,
			);
			name = Frameworks;
			sourceTree = "<group>";
		};
		D52E85091925F7F200C93F48 /* YouYang */ = {
			isa = PBXGroup;
			children = (
				D501D6A71929A21F005EA9F7 /* Constants.h */,
				D501D6A81929A21F005EA9F7 /* Constants.m */,
				D501D6A91929A21F005EA9F7 /* VarUtils.h */,
				D52E85BF1925FB3500C93F48 /* controllers */,
				D52E85C01925FB3500C93F48 /* images */,
				D52E85C11925FB3500C93F48 /* xibs */,
				D52E85381925F8A400C93F48 /* classes */,
				D52E85451925F8A400C93F48 /* files */,
				D52E85491925F8A400C93F48 /* libs */,
				D52E85121925F7F200C93F48 /* AppDelegate.h */,
				D52E85131925F7F200C93F48 /* AppDelegate.m */,
				D52E85151925F7F200C93F48 /* Main.storyboard */,
				D52E85181925F7F200C93F48 /* ViewController.h */,
				D52E85191925F7F200C93F48 /* ViewController.m */,
				D52E851B1925F7F200C93F48 /* Images.xcassets */,
				D52E850A1925F7F200C93F48 /* Supporting Files */,
			);
			path = YouYang;
			sourceTree = "<group>";
		};
		D52E850A1925F7F200C93F48 /* Supporting Files */ = {
			isa = PBXGroup;
			children = (
				D501D6B9192A0115005EA9F7 /* YouYang-Info.plist */,
				D52E85B71925FA3700C93F48 /* download_zh.plist */,
				D52E850C1925F7F200C93F48 /* InfoPlist.strings */,
				D52E850F1925F7F200C93F48 /* main.m */,
				D52E85111925F7F200C93F48 /* YouYang-Prefix.pch */,
				D52E85BD1925FABF00C93F48 /* Localizable.strings */,
			);
			name = "Supporting Files";
			sourceTree = "<group>";
		};
		D52E85281925F7F300C93F48 /* YouYangTests */ = {
			isa = PBXGroup;
			children = (
				D52E852E1925F7F300C93F48 /* YouYangTests.m */,
				D52E85291925F7F300C93F48 /* Supporting Files */,
			);
			path = YouYangTests;
			sourceTree = "<group>";
		};
		D52E85291925F7F300C93F48 /* Supporting Files */ = {
			isa = PBXGroup;
			children = (
				D52E852A1925F7F300C93F48 /* YouYangTests-Info.plist */,
				D52E852B1925F7F300C93F48 /* InfoPlist.strings */,
			);
			name = "Supporting Files";
			sourceTree = "<group>";
		};
		D52E85381925F8A400C93F48 /* classes */ = {
			isa = PBXGroup;
			children = (
				D52E85391925F8A400C93F48 /* DBUtils.h */,
				D52E853A1925F8A400C93F48 /* DBUtils.m */,
				D52E853B1925F8A400C93F48 /* DownloadTableViewCell.h */,
				D52E853C1925F8A400C93F48 /* DownloadTableViewCell.m */,
				D52E853D1925F8A400C93F48 /* FileUtils.h */,
				D52E853E1925F8A400C93F48 /* FileUtils.m */,
				D52E853F1925F8A400C93F48 /* TimeUtil.h */,
				D52E85401925F8A400C93F48 /* TimeUtil.m */,
				D52E85411925F8A400C93F48 /* UIImageView+RotationAnimation.h */,
				D52E85421925F8A400C93F48 /* UIImageView+RotationAnimation.m */,
				D52E85431925F8A400C93F48 /* UILabel+VerticalAlign.h */,
				D52E85441925F8A400C93F48 /* UILabel+VerticalAlign.m */,
			);
			path = classes;
			sourceTree = "<group>";
		};
		D52E85451925F8A400C93F48 /* files */ = {
			isa = PBXGroup;
			children = (
				D52E85461925F8A400C93F48 /* 404-1.png */,
				D52E85471925F8A400C93F48 /* 404.css */,
				D52E85481925F8A400C93F48 /* 404.html */,
			);
			path = files;
			sourceTree = "<group>";
		};
		D52E85491925F8A400C93F48 /* libs */ = {
			isa = PBXGroup;
			children = (
				D52E854A1925F8A400C93F48 /* AFNetworking */,
				D52E855E1925F8A400C93F48 /* AudioStream */,
				D52E85611925F8A400C93F48 /* FMDB */,
				D52E856D1925F8A400C93F48 /* GDataXml */,
				D52E85701925F8A400C93F48 /* JSONKit */,
				D52E85731925F8A400C93F48 /* MJPopup */,
				D52E85781925F8A400C93F48 /* Reachability */,
				D52E857B1925F8A400C93F48 /* ZipArchive */,
				D52E85881925F8A400C93F48 /* googleAnalytics */,
				D52E858F1925F8A400C93F48 /* jsonModel */,
			);
			path = libs;
			sourceTree = "<group>";
		};
		D52E854A1925F8A400C93F48 /* AFNetworking */ = {
			isa = PBXGroup;
			children = (
				D52E854B1925F8A400C93F48 /* AFHTTPClient.h */,
				D52E854C1925F8A400C93F48 /* AFHTTPClient.m */,
				D52E854D1925F8A400C93F48 /* AFHTTPRequestOperation.h */,
				D52E854E1925F8A400C93F48 /* AFHTTPRequestOperation.m */,
				D52E854F1925F8A400C93F48 /* AFImageRequestOperation.h */,
				D52E85501925F8A400C93F48 /* AFImageRequestOperation.m */,
				D52E85511925F8A400C93F48 /* AFJSONRequestOperation.h */,
				D52E85521925F8A400C93F48 /* AFJSONRequestOperation.m */,
				D52E85531925F8A400C93F48 /* AFNetworkActivityIndicatorManager.h */,
				D52E85541925F8A400C93F48 /* AFNetworkActivityIndicatorManager.m */,
				D52E85551925F8A400C93F48 /* AFNetworking.h */,
				D52E85561925F8A400C93F48 /* AFPropertyListRequestOperation.h */,
				D52E85571925F8A400C93F48 /* AFPropertyListRequestOperation.m */,
				D52E85581925F8A400C93F48 /* AFURLConnectionOperation.h */,
				D52E85591925F8A400C93F48 /* AFURLConnectionOperation.m */,
				D52E855A1925F8A400C93F48 /* AFXMLRequestOperation.h */,
				D52E855B1925F8A400C93F48 /* AFXMLRequestOperation.m */,
				D52E855C1925F8A400C93F48 /* UIImageView+AFNetworking.h */,
				D52E855D1925F8A400C93F48 /* UIImageView+AFNetworking.m */,
			);
			path = AFNetworking;
			sourceTree = "<group>";
		};
		D52E855E1925F8A400C93F48 /* AudioStream */ = {
			isa = PBXGroup;
			children = (
				D52E855F1925F8A400C93F48 /* AudioStreamer.h */,
				D52E85601925F8A400C93F48 /* AudioStreamer.m */,
			);
			path = AudioStream;
			sourceTree = "<group>";
		};
		D52E85611925F8A400C93F48 /* FMDB */ = {
			isa = PBXGroup;
			children = (
				D52E85621925F8A400C93F48 /* FMDB.h */,
				D52E85631925F8A400C93F48 /* FMDatabase.h */,
				D52E85641925F8A400C93F48 /* FMDatabase.m */,
				D52E85651925F8A400C93F48 /* FMDatabaseAdditions.h */,
				D52E85661925F8A400C93F48 /* FMDatabaseAdditions.m */,
				D52E85671925F8A400C93F48 /* FMDatabasePool.h */,
				D52E85681925F8A400C93F48 /* FMDatabasePool.m */,
				D52E85691925F8A400C93F48 /* FMDatabaseQueue.h */,
				D52E856A1925F8A400C93F48 /* FMDatabaseQueue.m */,
				D52E856B1925F8A400C93F48 /* FMResultSet.h */,
				D52E856C1925F8A400C93F48 /* FMResultSet.m */,
			);
			path = FMDB;
			sourceTree = "<group>";
		};
		D52E856D1925F8A400C93F48 /* GDataXml */ = {
			isa = PBXGroup;
			children = (
				D52E856E1925F8A400C93F48 /* GDataXMLNode.h */,
				D52E856F1925F8A400C93F48 /* GDataXMLNode.m */,
			);
			path = GDataXml;
			sourceTree = "<group>";
		};
		D52E85701925F8A400C93F48 /* JSONKit */ = {
			isa = PBXGroup;
			children = (
				D52E85711925F8A400C93F48 /* JSONKit.h */,
				D52E85721925F8A400C93F48 /* JSONKit.m */,
			);
			path = JSONKit;
			sourceTree = "<group>";
		};
		D52E85731925F8A400C93F48 /* MJPopup */ = {
			isa = PBXGroup;
			children = (
				D52E85741925F8A400C93F48 /* MJPopupBackgroundView.h */,
				D52E85751925F8A400C93F48 /* MJPopupBackgroundView.m */,
				D52E85761925F8A400C93F48 /* UIViewController+MJPopupViewController.h */,
				D52E85771925F8A400C93F48 /* UIViewController+MJPopupViewController.m */,
			);
			path = MJPopup;
			sourceTree = "<group>";
		};
		D52E85781925F8A400C93F48 /* Reachability */ = {
			isa = PBXGroup;
			children = (
				D52E85791925F8A400C93F48 /* Reachability.h */,
				D52E857A1925F8A400C93F48 /* Reachability.m */,
			);
			path = Reachability;
			sourceTree = "<group>";
		};
		D52E857B1925F8A400C93F48 /* ZipArchive */ = {
			isa = PBXGroup;
			children = (
				D52E857C1925F8A400C93F48 /* ZipArchive.h */,
				D52E857D1925F8A400C93F48 /* ZipArchive.m */,
				D52E857E1925F8A400C93F48 /* minizip */,
			);
			path = ZipArchive;
			sourceTree = "<group>";
		};
		D52E857E1925F8A400C93F48 /* minizip */ = {
			isa = PBXGroup;
			children = (
				D52E857F1925F8A400C93F48 /* crypt.h */,
				D52E85801925F8A400C93F48 /* ioapi.c */,
				D52E85811925F8A400C93F48 /* ioapi.h */,
				D52E85821925F8A400C93F48 /* mztools.c */,
				D52E85831925F8A400C93F48 /* mztools.h */,
				D52E85841925F8A400C93F48 /* unzip.c */,
				D52E85851925F8A400C93F48 /* unzip.h */,
				D52E85861925F8A400C93F48 /* zip.c */,
				D52E85871925F8A400C93F48 /* zip.h */,
			);
			path = minizip;
			sourceTree = "<group>";
		};
		D52E85881925F8A400C93F48 /* googleAnalytics */ = {
			isa = PBXGroup;
			children = (
				D52E85891925F8A400C93F48 /* GAI.h */,
				D52E858A1925F8A400C93F48 /* GAIDictionaryBuilder.h */,
				D52E858B1925F8A400C93F48 /* GAIFields.h */,
				D52E858C1925F8A400C93F48 /* GAILogger.h */,
				D52E858D1925F8A400C93F48 /* GAITrackedViewController.h */,
				D52E858E1925F8A400C93F48 /* GAITracker.h */,
			);
			path = googleAnalytics;
			sourceTree = "<group>";
		};
		D52E858F1925F8A400C93F48 /* jsonModel */ = {
			isa = PBXGroup;
			children = (
			);
			path = jsonModel;
			sourceTree = "<group>";
		};
		D52E85BF1925FB3500C93F48 /* controllers */ = {
			isa = PBXGroup;
			children = (
				D536B6D51926F0EC000EFB35 /* ColumnViewController.h */,
				D536B6D61926F0EC000EFB35 /* ColumnViewController.m */,
				D536B6D71926F0EC000EFB35 /* CommunityViewController.h */,
				D536B6D81926F0EC000EFB35 /* CommunityViewController.m */,
				D536B6D91926F0EC000EFB35 /* DownloadViewController.h */,
				D536B6DA1926F0EC000EFB35 /* DownloadViewController.m */,
				D536B6DB1926F0EC000EFB35 /* FooterViewController.h */,
				D536B6DC1926F0EC000EFB35 /* FooterViewController.m */,
				D536B6DD1926F0EC000EFB35 /* HomeViewController.h */,
				D536B6DE1926F0EC000EFB35 /* HomeViewController.m */,
				D536B6DF1926F0EC000EFB35 /* HumanityViewController.h */,
				D536B6E01926F0EC000EFB35 /* HumanityViewController.m */,
				D536B6E11926F0EC000EFB35 /* LandscapeViewController.h */,
				D536B6E21926F0EC000EFB35 /* LandscapeViewController.m */,
				D536B6E31926F0EC000EFB35 /* MusicViewController.h */,
				D536B6E41926F0EC000EFB35 /* MusicViewController.m */,
				D536B6E51926F0EC000EFB35 /* PopupDetailViewController.h */,
				D536B6E61926F0EC000EFB35 /* PopupDetailViewController.m */,
				D536B6E71926F0EC000EFB35 /* SplashViewController.h */,
				D536B6E81926F0EC000EFB35 /* SplashViewController.m */,
				D536B6E91926F0EC000EFB35 /* StoryViewController.h */,
				D536B6EA1926F0EC000EFB35 /* StoryViewController.m */,
				D536B6EB1926F0EC000EFB35 /* SuperColumnViewController.h */,
				D536B6EC1926F0EC000EFB35 /* SuperColumnViewController.m */,
				D536B6ED1926F0EC000EFB35 /* VideoViewController.h */,
				D536B6EE1926F0EC000EFB35 /* VideoViewController.m */,
			);
			path = controllers;
			sourceTree = "<group>";
		};
		D52E85C01925FB3500C93F48 /* images */ = {
			isa = PBXGroup;
			children = (
			);
			path = images;
			sourceTree = "<group>";
		};
		D52E85C11925FB3500C93F48 /* xibs */ = {
			isa = PBXGroup;
			children = (
				D536B6FC1926F120000EFB35 /* CommunityBoard.xib */,
				D536B6FD1926F120000EFB35 /* CommunityContentPanel.xib */,
				D536B6FE1926F120000EFB35 /* DownloadTableViewCell.xib */,
				D536B6FF1926F120000EFB35 /* DownloadWin.xib */,
				D536B7001926F120000EFB35 /* Footer.xib */,
				D536B7011926F120000EFB35 /* HomeBoard.xib */,
				D536B7021926F120000EFB35 /* LandscapeBoard.xib */,
				D536B7031926F120000EFB35 /* HumanityContentPanel.xib */,
				D536B7041926F120000EFB35 /* HumanityBoard.xib */,
				D536B7051926F120000EFB35 /* LandscapeContentPanel.xib */,
				D536B7061926F120000EFB35 /* MusicPlayerView.xib */,
				D536B7071926F120000EFB35 /* PopDetailView.xib */,
				D536B7081926F120000EFB35 /* StoryBoard.xib */,
				D536B7091926F120000EFB35 /* StoryContentPanel.xib */,
				D536B70A1926F120000EFB35 /* VideoPlay.xib */,
			);
			path = xibs;
			sourceTree = "<group>";
		};
/* End PBXGroup section */

/* Begin PBXNativeTarget section */
		D52E84FF1925F7F200C93F48 /* YouYang */ = {
			isa = PBXNativeTarget;
			buildConfigurationList = D52E85321925F7F300C93F48 /* Build configuration list for PBXNativeTarget "YouYang" */;
			buildPhases = (
				D52E84FC1925F7F200C93F48 /* Sources */,
				D52E84FD1925F7F200C93F48 /* Frameworks */,
				D52E84FE1925F7F200C93F48 /* Resources */,
			);
			buildRules = (
			);
			dependencies = (
			);
			name = YouYang;
			productName = YouYang;
			productReference = D52E85001925F7F200C93F48 /* YouYang.app */;
			productType = "com.apple.product-type.application";
		};
		D52E85201925F7F200C93F48 /* YouYangTests */ = {
			isa = PBXNativeTarget;
			buildConfigurationList = D52E85351925F7F300C93F48 /* Build configuration list for PBXNativeTarget "YouYangTests" */;
			buildPhases = (
				D52E851D1925F7F200C93F48 /* Sources */,
				D52E851E1925F7F200C93F48 /* Frameworks */,
				D52E851F1925F7F200C93F48 /* Resources */,
			);
			buildRules = (
			);
			dependencies = (
				D52E85271925F7F300C93F48 /* PBXTargetDependency */,
			);
			name = YouYangTests;
			productName = YouYangTests;
			productReference = D52E85211925F7F200C93F48 /* YouYangTests.xctest */;
			productType = "com.apple.product-type.bundle.unit-test";
		};
/* End PBXNativeTarget section */

/* Begin PBXProject section */
		D52E84F81925F7F200C93F48 /* Project object */ = {
			isa = PBXProject;
			attributes = {
				LastUpgradeCheck = 0510;
				ORGANIZATIONNAME = "中意工业设计（湖南）有限责任公司";
				TargetAttributes = {
					D52E85201925F7F200C93F48 = {
						TestTargetID = D52E84FF1925F7F200C93F48;
					};
				};
			};
			buildConfigurationList = D52E84FB1925F7F200C93F48 /* Build configuration list for PBXProject "YouYang" */;
			compatibilityVersion = "Xcode 3.2";
			developmentRegion = English;
			hasScannedForEncodings = 0;
			knownRegions = (
				en,
				Base,
				"zh-Hans",
			);
			mainGroup = D52E84F71925F7F200C93F48;
			productRefGroup = D52E85011925F7F200C93F48 /* Products */;
			projectDirPath = "";
			projectRoot = "";
			targets = (
				D52E84FF1925F7F200C93F48 /* YouYang */,
				D52E85201925F7F200C93F48 /* YouYangTests */,
			);
		};
/* End PBXProject section */

/* Begin PBXResourcesBuildPhase section */
		D52E84FE1925F7F200C93F48 /* Resources */ = {
			isa = PBXResourcesBuildPhase;
			buildActionMask = 2147483647;
			files = (
				D536B70C1926F120000EFB35 /* CommunityContentPanel.xib in Resources */,
				D52E85971925F8A400C93F48 /* 404.css in Resources */,
				D52E851C1925F7F200C93F48 /* Images.xcassets in Resources */,
				D536B7121926F120000EFB35 /* HumanityContentPanel.xib in Resources */,
				D536B70D1926F120000EFB35 /* DownloadTableViewCell.xib in Resources */,
				D536B7111926F120000EFB35 /* LandscapeBoard.xib in Resources */,
				D536B7181926F120000EFB35 /* StoryContentPanel.xib in Resources */,
				D536B70B1926F120000EFB35 /* CommunityBoard.xib in Resources */,
				D536B7151926F120000EFB35 /* MusicPlayerView.xib in Resources */,
				D536B70F1926F120000EFB35 /* Footer.xib in Resources */,
				D52E850E1925F7F200C93F48 /* InfoPlist.strings in Resources */,
				D536B7131926F120000EFB35 /* HumanityBoard.xib in Resources */,
				D536B7101926F120000EFB35 /* HomeBoard.xib in Resources */,
				D536B70E1926F120000EFB35 /* DownloadWin.xib in Resources */,
				D52E85981925F8A400C93F48 /* 404.html in Resources */,
				D52E85B81925FA3700C93F48 /* download_zh.plist in Resources */,
				D52E85BB1925FABF00C93F48 /* Localizable.strings in Resources */,
				D501D6BA192A0115005EA9F7 /* YouYang-Info.plist in Resources */,
				D52E85961925F8A400C93F48 /* 404-1.png in Resources */,
				D536B7141926F120000EFB35 /* LandscapeContentPanel.xib in Resources */,
				D52E85171925F7F200C93F48 /* Main.storyboard in Resources */,
				D536B7161926F120000EFB35 /* PopDetailView.xib in Resources */,
				D536B7191926F120000EFB35 /* VideoPlay.xib in Resources */,
				D536B7171926F120000EFB35 /* StoryBoard.xib in Resources */,
			);
			runOnlyForDeploymentPostprocessing = 0;
		};
		D52E851F1925F7F200C93F48 /* Resources */ = {
			isa = PBXResourcesBuildPhase;
			buildActionMask = 2147483647;
			files = (
				D52E852D1925F7F300C93F48 /* InfoPlist.strings in Resources */,
			);
			runOnlyForDeploymentPostprocessing = 0;
		};
/* End PBXResourcesBuildPhase section */

/* Begin PBXSourcesBuildPhase section */
		D52E84FC1925F7F200C93F48 /* Sources */ = {
			isa = PBXSourcesBuildPhase;
			buildActionMask = 2147483647;
			files = (
				D52E859F1925F8A400C93F48 /* AFURLConnectionOperation.m in Sources */,
				D52E859B1925F8A400C93F48 /* AFImageRequestOperation.m in Sources */,
				D52E851A1925F7F200C93F48 /* ViewController.m in Sources */,
				D52E85A31925F8A400C93F48 /* FMDatabase.m in Sources */,
				D52E85941925F8A400C93F48 /* UIImageView+RotationAnimation.m in Sources */,
				D536B6F21926F0EC000EFB35 /* FooterViewController.m in Sources */,
				D52E85A51925F8A400C93F48 /* FMDatabasePool.m in Sources */,
				D52E85A91925F8A400C93F48 /* JSONKit.m in Sources */,
				D536B6F11926F0EC000EFB35 /* DownloadViewController.m in Sources */,
				D52E85A71925F8A400C93F48 /* FMResultSet.m in Sources */,
				D52E85A81925F8A400C93F48 /* GDataXMLNode.m in Sources */,
				D52E85A41925F8A400C93F48 /* FMDatabaseAdditions.m in Sources */,
				D52E85141925F7F200C93F48 /* AppDelegate.m in Sources */,
				D52E859C1925F8A400C93F48 /* AFJSONRequestOperation.m in Sources */,
				D52E85B01925F8A400C93F48 /* unzip.c in Sources */,
				D536B6F51926F0EC000EFB35 /* LandscapeViewController.m in Sources */,
				D52E85911925F8A400C93F48 /* DownloadTableViewCell.m in Sources */,
				D52E85A11925F8A400C93F48 /* UIImageView+AFNetworking.m in Sources */,
				D536B6FA1926F0EC000EFB35 /* SuperColumnViewController.m in Sources */,
				D536B6FB1926F0EC000EFB35 /* VideoViewController.m in Sources */,
				D536B6F41926F0EC000EFB35 /* HumanityViewController.m in Sources */,
				D52E85931925F8A400C93F48 /* TimeUtil.m in Sources */,
				D52E85A61925F8A400C93F48 /* FMDatabaseQueue.m in Sources */,
				D52E85AD1925F8A400C93F48 /* ZipArchive.m in Sources */,
				D52E85AE1925F8A400C93F48 /* ioapi.c in Sources */,
				D52E85AF1925F8A400C93F48 /* mztools.c in Sources */,
				D536B6F71926F0EC000EFB35 /* PopupDetailViewController.m in Sources */,
				D52E85991925F8A400C93F48 /* AFHTTPClient.m in Sources */,
				D52E85AB1925F8A400C93F48 /* UIViewController+MJPopupViewController.m in Sources */,
				D52E859E1925F8A400C93F48 /* AFPropertyListRequestOperation.m in Sources */,
				D52E85B11925F8A400C93F48 /* zip.c in Sources */,
				D536B6F01926F0EC000EFB35 /* CommunityViewController.m in Sources */,
				D52E85921925F8A400C93F48 /* FileUtils.m in Sources */,
				D536B6F61926F0EC000EFB35 /* MusicViewController.m in Sources */,
				D536B6F91926F0EC000EFB35 /* StoryViewController.m in Sources */,
				D501D6AA1929A21F005EA9F7 /* Constants.m in Sources */,
				D536B6EF1926F0EC000EFB35 /* ColumnViewController.m in Sources */,
				D52E85951925F8A400C93F48 /* UILabel+VerticalAlign.m in Sources */,
				D52E85A21925F8A400C93F48 /* AudioStreamer.m in Sources */,
				D52E85101925F7F200C93F48 /* main.m in Sources */,
				D52E85901925F8A400C93F48 /* DBUtils.m in Sources */,
				D52E85AC1925F8A400C93F48 /* Reachability.m in Sources */,
				D52E85AA1925F8A400C93F48 /* MJPopupBackgroundView.m in Sources */,
				D536B6F81926F0EC000EFB35 /* SplashViewController.m in Sources */,
				D52E859D1925F8A400C93F48 /* AFNetworkActivityIndicatorManager.m in Sources */,
				D52E859A1925F8A400C93F48 /* AFHTTPRequestOperation.m in Sources */,
				D52E85A01925F8A400C93F48 /* AFXMLRequestOperation.m in Sources */,
				D536B6F31926F0EC000EFB35 /* HomeViewController.m in Sources */,
			);
			runOnlyForDeploymentPostprocessing = 0;
		};
		D52E851D1925F7F200C93F48 /* Sources */ = {
			isa = PBXSourcesBuildPhase;
			buildActionMask = 2147483647;
			files = (
				D52E852F1925F7F300C93F48 /* YouYangTests.m in Sources */,
			);
			runOnlyForDeploymentPostprocessing = 0;
		};
/* End PBXSourcesBuildPhase section */

/* Begin PBXTargetDependency section */
		D52E85271925F7F300C93F48 /* PBXTargetDependency */ = {
			isa = PBXTargetDependency;
			target = D52E84FF1925F7F200C93F48 /* YouYang */;
			targetProxy = D52E85261925F7F300C93F48 /* PBXContainerItemProxy */;
		};
/* End PBXTargetDependency section */

/* Begin PBXVariantGroup section */
		D52E850C1925F7F200C93F48 /* InfoPlist.strings */ = {
			isa = PBXVariantGroup;
			children = (
				D52E850D1925F7F200C93F48 /* en */,
				D52E85B31925F9E200C93F48 /* zh-Hans */,
			);
			name = InfoPlist.strings;
			sourceTree = "<group>";
		};
		D52E85151925F7F200C93F48 /* Main.storyboard */ = {
			isa = PBXVariantGroup;
			children = (
				D52E85161925F7F200C93F48 /* Base */,
				D52E85B21925F9E200C93F48 /* zh-Hans */,
			);
			name = Main.storyboard;
			sourceTree = "<group>";
		};
		D52E852B1925F7F300C93F48 /* InfoPlist.strings */ = {
			isa = PBXVariantGroup;
			children = (
				D52E852C1925F7F300C93F48 /* en */,
				D52E85B41925F9E200C93F48 /* zh-Hans */,
			);
			name = InfoPlist.strings;
			sourceTree = "<group>";
		};
		D52E85BD1925FABF00C93F48 /* Localizable.strings */ = {
			isa = PBXVariantGroup;
			children = (
				D52E85BC1925FABF00C93F48 /* zh-Hans */,
				D52E85BE1925FAC500C93F48 /* en */,
			);
			name = Localizable.strings;
			sourceTree = "<group>";
		};
/* End PBXVariantGroup section */

/* Begin XCBuildConfiguration section */
		D52E85301925F7F300C93F48 /* Debug */ = {
			isa = XCBuildConfiguration;
			buildSettings = {
				ALWAYS_SEARCH_USER_PATHS = NO;
				CLANG_CXX_LANGUAGE_STANDARD = "gnu++0x";
				CLANG_CXX_LIBRARY = "libc++";
				CLANG_ENABLE_MODULES = YES;
				CLANG_ENABLE_OBJC_ARC = YES;
				CLANG_WARN_BOOL_CONVERSION = YES;
				CLANG_WARN_CONSTANT_CONVERSION = YES;
				CLANG_WARN_DIRECT_OBJC_ISA_USAGE = YES_ERROR;
				CLANG_WARN_EMPTY_BODY = YES;
				CLANG_WARN_ENUM_CONVERSION = YES;
				CLANG_WARN_INT_CONVERSION = YES;
				CLANG_WARN_OBJC_ROOT_CLASS = YES_ERROR;
				CLANG_WARN__DUPLICATE_METHOD_MATCH = YES;
				"CODE_SIGN_IDENTITY[sdk=iphoneos*]" = "iPhone Developer";
				COPY_PHASE_STRIP = NO;
				GCC_C_LANGUAGE_STANDARD = gnu99;
				GCC_DYNAMIC_NO_PIC = NO;
				GCC_OPTIMIZATION_LEVEL = 0;
				GCC_PREPROCESSOR_DEFINITIONS = (
					"DEBUG=1",
					"$(inherited)",
				);
				GCC_SYMBOLS_PRIVATE_EXTERN = NO;
				GCC_WARN_64_TO_32_BIT_CONVERSION = YES;
				GCC_WARN_ABOUT_RETURN_TYPE = YES_ERROR;
				GCC_WARN_UNDECLARED_SELECTOR = YES;
				GCC_WARN_UNINITIALIZED_AUTOS = YES_AGGRESSIVE;
				GCC_WARN_UNUSED_FUNCTION = YES;
				GCC_WARN_UNUSED_VARIABLE = YES;
				IPHONEOS_DEPLOYMENT_TARGET = 7.1;
				ONLY_ACTIVE_ARCH = YES;
				SDKROOT = iphoneos;
				TARGETED_DEVICE_FAMILY = 2;
			};
			name = Debug;
		};
		D52E85311925F7F300C93F48 /* Release */ = {
			isa = XCBuildConfiguration;
			buildSettings = {
				ALWAYS_SEARCH_USER_PATHS = NO;
				CLANG_CXX_LANGUAGE_STANDARD = "gnu++0x";
				CLANG_CXX_LIBRARY = "libc++";
				CLANG_ENABLE_MODULES = YES;
				CLANG_ENABLE_OBJC_ARC = YES;
				CLANG_WARN_BOOL_CONVERSION = YES;
				CLANG_WARN_CONSTANT_CONVERSION = YES;
				CLANG_WARN_DIRECT_OBJC_ISA_USAGE = YES_ERROR;
				CLANG_WARN_EMPTY_BODY = YES;
				CLANG_WARN_ENUM_CONVERSION = YES;
				CLANG_WARN_INT_CONVERSION = YES;
				CLANG_WARN_OBJC_ROOT_CLASS = YES_ERROR;
				CLANG_WARN__DUPLICATE_METHOD_MATCH = YES;
				"CODE_SIGN_IDENTITY[sdk=iphoneos*]" = "iPhone Developer";
				COPY_PHASE_STRIP = YES;
				ENABLE_NS_ASSERTIONS = NO;
				GCC_C_LANGUAGE_STANDARD = gnu99;
				GCC_WARN_64_TO_32_BIT_CONVERSION = YES;
				GCC_WARN_ABOUT_RETURN_TYPE = YES_ERROR;
				GCC_WARN_UNDECLARED_SELECTOR = YES;
				GCC_WARN_UNINITIALIZED_AUTOS = YES_AGGRESSIVE;
				GCC_WARN_UNUSED_FUNCTION = YES;
				GCC_WARN_UNUSED_VARIABLE = YES;
				IPHONEOS_DEPLOYMENT_TARGET = 7.1;
				SDKROOT = iphoneos;
				TARGETED_DEVICE_FAMILY = 2;
				VALIDATE_PRODUCT = YES;
			};
			name = Release;
		};
		D52E85331925F7F300C93F48 /* Debug */ = {
			isa = XCBuildConfiguration;
			buildSettings = {
				ASSETCATALOG_COMPILER_APPICON_NAME = AppIcon;
				ASSETCATALOG_COMPILER_LAUNCHIMAGE_NAME = LaunchImage;
				GCC_PRECOMPILE_PREFIX_HEADER = YES;
				GCC_PREFIX_HEADER = "YouYang/YouYang-Prefix.pch";
				HEADER_SEARCH_PATHS = (
					"$(inherited)",
					/Applications/Xcode.app/Contents/Developer/Toolchains/XcodeDefault.xctoolchain/usr/include,
					"$(SDKROOT)/usr/include/libxml2",
				);
				INFOPLIST_FILE = "YouYang/YouYang-Info.plist";
				IPHONEOS_DEPLOYMENT_TARGET = 6.1;
				LIBRARY_SEARCH_PATHS = (
					"$(inherited)",
					"/Volumes/MAC_DATA/第三方组件/GoogleAnalyticsServicesiOS_3.06",
					"$(SDKROOT)/usr/include/libxml2",
				);
				PRODUCT_NAME = "$(TARGET_NAME)";
				USER_HEADER_SEARCH_PATHS = "";
				WRAPPER_EXTENSION = app;
			};
			name = Debug;
		};
		D52E85341925F7F300C93F48 /* Release */ = {
			isa = XCBuildConfiguration;
			buildSettings = {
				ASSETCATALOG_COMPILER_APPICON_NAME = AppIcon;
				ASSETCATALOG_COMPILER_LAUNCHIMAGE_NAME = LaunchImage;
				GCC_PRECOMPILE_PREFIX_HEADER = YES;
				GCC_PREFIX_HEADER = "YouYang/YouYang-Prefix.pch";
				HEADER_SEARCH_PATHS = (
					"$(inherited)",
					/Applications/Xcode.app/Contents/Developer/Toolchains/XcodeDefault.xctoolchain/usr/include,
					"$(SDKROOT)/usr/include/libxml2",
				);
				INFOPLIST_FILE = "YouYang/YouYang-Info.plist";
				IPHONEOS_DEPLOYMENT_TARGET = 6.1;
				LIBRARY_SEARCH_PATHS = (
					"$(inherited)",
					"/Volumes/MAC_DATA/第三方组件/GoogleAnalyticsServicesiOS_3.06",
					"$(SDKROOT)/usr/include/libxml2",
				);
				PRODUCT_NAME = "$(TARGET_NAME)";
				USER_HEADER_SEARCH_PATHS = "";
				WRAPPER_EXTENSION = app;
			};
			name = Release;
		};
		D52E85361925F7F300C93F48 /* Debug */ = {
			isa = XCBuildConfiguration;
			buildSettings = {
				BUNDLE_LOADER = "$(BUILT_PRODUCTS_DIR)/YouYang.app/YouYang";
				FRAMEWORK_SEARCH_PATHS = (
					"$(SDKROOT)/Developer/Library/Frameworks",
					"$(inherited)",
					"$(DEVELOPER_FRAMEWORKS_DIR)",
				);
				GCC_PRECOMPILE_PREFIX_HEADER = YES;
				GCC_PREFIX_HEADER = "YouYang/YouYang-Prefix.pch";
				GCC_PREPROCESSOR_DEFINITIONS = (
					"DEBUG=1",
					"$(inherited)",
				);
				INFOPLIST_FILE = "YouYangTests/YouYangTests-Info.plist";
				PRODUCT_NAME = "$(TARGET_NAME)";
				TEST_HOST = "$(BUNDLE_LOADER)";
				WRAPPER_EXTENSION = xctest;
			};
			name = Debug;
		};
		D52E85371925F7F300C93F48 /* Release */ = {
			isa = XCBuildConfiguration;
			buildSettings = {
				BUNDLE_LOADER = "$(BUILT_PRODUCTS_DIR)/YouYang.app/YouYang";
				FRAMEWORK_SEARCH_PATHS = (
					"$(SDKROOT)/Developer/Library/Frameworks",
					"$(inherited)",
					"$(DEVELOPER_FRAMEWORKS_DIR)",
				);
				GCC_PRECOMPILE_PREFIX_HEADER = YES;
				GCC_PREFIX_HEADER = "YouYang/YouYang-Prefix.pch";
				INFOPLIST_FILE = "YouYangTests/YouYangTests-Info.plist";
				PRODUCT_NAME = "$(TARGET_NAME)";
				TEST_HOST = "$(BUNDLE_LOADER)";
				WRAPPER_EXTENSION = xctest;
			};
			name = Release;
		};
/* End XCBuildConfiguration section */

/* Begin XCConfigurationList section */
		D52E84FB1925F7F200C93F48 /* Build configuration list for PBXProject "YouYang" */ = {
			isa = XCConfigurationList;
			buildConfigurations = (
				D52E85301925F7F300C93F48 /* Debug */,
				D52E85311925F7F300C93F48 /* Release */,
			);
			defaultConfigurationIsVisible = 0;
			defaultConfigurationName = Release;
		};
		D52E85321925F7F300C93F48 /* Build configuration list for PBXNativeTarget "YouYang" */ = {
			isa = XCConfigurationList;
			buildConfigurations = (
				D52E85331925F7F300C93F48 /* Debug */,
				D52E85341925F7F300C93F48 /* Release */,
			);
			defaultConfigurationIsVisible = 0;
			defaultConfigurationName = Release;
		};
		D52E85351925F7F300C93F48 /* Build configuration list for PBXNativeTarget "YouYangTests" */ = {
			isa = XCConfigurationList;
			buildConfigurations = (
				D52E85361925F7F300C93F48 /* Debug */,
				D52E85371925F7F300C93F48 /* Release */,
			);
			defaultConfigurationIsVisible = 0;
			defaultConfigurationName = Release;
		};
/* End XCConfigurationList section */
	};
	rootObject = D52E84F81925F7F200C93F48 /* Project object */;
}
